github.com/janraasch/hugo-bearblog v0.0.0-20251117081840-58b9e33e24db h1:S0KCsQcV8mTUT/ntILwmRg47o6m7i3mg9FW/KT9B878=
github.com/janraasch/hugo-bearblog v0.0.0-20251117081840-58b9e33e24db/go.mod h1:qVJ3S3qhkRf6smf5f8vveeV/QX3ui8poHckF6Ykt9AU=
github.com/janraasch/hugo-bearblog v0.0.0-20260512221936-d3281b1d30b5 h1:Zy4DOkNbQZuSFG16R4Og2XuwXN2GDx207JSE9apmduI=
github.com/janraasch/hugo-bearblog v0.0.0-20260512221936-d3281b1d30b5/go.mod h1:qVJ3S3qhkRf6smf5f8vveeV/QX3ui8poHckF6Ykt9AU=
